
Microsoft Visual Studio Solution File, Format Version 12.00
# Visual Studio 14
VisualStudioVersion = 14.0.25123.0
MinimumVisualStudioVersion = 10.0.40219.1
Project("{FAE04EC0-301F-11D3-BF4B-00C04F79EFBC}") = "PhoneBook", "PhoneBook\PhoneBook.csproj", "{BDA305DB-9F5F-429C-A601-2600AF63CC52}"
EndProject
Project("{FAE04EC0-301F-11D3-BF4B-00C04F79EFBC}") = "PhoneBook.Tests", "PhoneBook.Tests\PhoneBook.Tests.csproj", "{257A873A-D037-401D-8B68-AC5EB4FA1D48}"
EndProject
Global
	GlobalSection(SolutionConfigurationPlatforms) = preSolution
		Debug|Any CPU = Debug|Any CPU
		Release|Any CPU = Release|Any CPU
	EndGlobalSection
	GlobalSection(ProjectConfigurationPlatforms) = postSolution
		{BDA305DB-9F5F-429C-A601-2600AF63CC52}.Debug|Any CPU.ActiveCfg = Debug|Any CPU
		{BDA305DB-9F5F-429C-A601-2600AF63CC52}.Debug|Any CPU.Build.0 = Debug|Any CPU
		{BDA305DB-9F5F-429C-A601-2600AF63CC52}.Release|Any CPU.ActiveCfg = Release|Any CPU
		{BDA305DB-9F5F-429C-A601-2600AF63CC52}.Release|Any CPU.Build.0 = Release|Any CPU
		{257A873A-D037-401D-8B68-AC5EB4FA1D48}.Debug|Any CPU.ActiveCfg = Debug|Any CPU
		{257A873A-D037-401D-8B68-AC5EB4FA1D48}.Debug|Any CPU.Build.0 = Debug|Any CPU
		{257A873A-D037-401D-8B68-AC5EB4FA1D48}.Release|Any CPU.ActiveCfg = Release|Any CPU
		{257A873A-D037-401D-8B68-AC5EB4FA1D48}.Release|Any CPU.Build.0 = Release|Any CPU
	EndGlobalSection
	GlobalSection(SolutionProperties) = preSolution
		HideSolutionNode = FALSE
	EndGlobalSection
EndGlobal
